
Microsoft Visual Studio Solution File, Format Version 12.00
# Visual Studio Version 17
VisualStudioVersion = 17.7.34031.279
MinimumVisualStudioVersion = 10.0.40219.1
Project("{FAE04EC0-301F-11D3-BF4B-00C04F79EFBC}") = "tx-extract-par-by-style", "tx-extract-par-by-style\tx-extract-par-by-style.csproj", "{96D7ED22-5824-4F13-B147-93E4CA5C59E8}"
EndProject
Global
	GlobalSection(SolutionConfigurationPlatforms) = preSolution
		Debug|Any CPU = Debug|Any CPU
		Release|Any CPU = Release|Any CPU
	EndGlobalSection
	GlobalSection(ProjectConfigurationPlatforms) = postSolution
		{96D7ED22-5824-4F13-B147-93E4CA5C59E8}.Debug|Any CPU.ActiveCfg = Debug|Any CPU
		{96D7ED22-5824-4F13-B147-93E4CA5C59E8}.Debug|Any CPU.Build.0 = Debug|Any CPU
		{96D7ED22-5824-4F13-B147-93E4CA5C59E8}.Release|Any CPU.ActiveCfg = Release|Any CPU
		{96D7ED22-5824-4F13-B147-93E4CA5C59E8}.Release|Any CPU.Build.0 = Release|Any CPU
	EndGlobalSection
	GlobalSection(SolutionProperties) = preSolution
		HideSolutionNode = FALSE
	EndGlobalSection
	GlobalSection(ExtensibilityGlobals) = postSolution
		SolutionGuid = {E4F8756B-F8D7-42F1-B82E-2D610C88B714}
	EndGlobalSection
EndGlobal
